
Microsoft Visual Studio Solution File, Format Version 12.00
# Visual Studio Version 18
VisualStudioVersion = 18.3.11527.330 d18.3
MinimumVisualStudioVersion = 10.0.40219.1
Project("{FAE04EC0-301F-11D3-BF4B-00C04F79EFBC}") = "RestorePoint", "RestorePoint.csproj", "{9456DCEC-F94B-783F-7ED5-1ABB78D63BF1}"
EndProject
Global
	GlobalSection(SolutionConfigurationPlatforms) = preSolution
		Debug|x64 = Debug|x64
		Release|x64 = Release|x64
	EndGlobalSection
	GlobalSection(ProjectConfigurationPlatforms) = postSolution
		{9456DCEC-F94B-783F-7ED5-1ABB78D63BF1}.Debug|x64.ActiveCfg = Debug|x64
		{9456DCEC-F94B-783F-7ED5-1ABB78D63BF1}.Debug|x64.Build.0 = Debug|x64
		{9456DCEC-F94B-783F-7ED5-1ABB78D63BF1}.Release|x64.ActiveCfg = Release|x64
		{9456DCEC-F94B-783F-7ED5-1ABB78D63BF1}.Release|x64.Build.0 = Release|x64
	EndGlobalSection
	GlobalSection(SolutionProperties) = preSolution
		HideSolutionNode = FALSE
	EndGlobalSection
	GlobalSection(ExtensibilityGlobals) = postSolution
		SolutionGuid = {6046DF4D-8A32-4B5D-9FB9-BACFDDC81EC4}
	EndGlobalSection
EndGlobal
